[root]
name = "cargo-stdx-check"
version = "0.1.0"
dependencies = [
 "toml 0.4.2 (registry+https://github.com/rust-lang/crates.io-index)",
]

[[package]]
name = "serde"
version = "1.0.8"
source = "registry+https://github.com/rust-lang/crates.io-index"

[[package]]
name = "toml"
version = "0.4.2"
source = "registry+https://github.com/rust-lang/crates.io-index"
dependencies = [
 "serde 1.0.8 (registry+https://github.com/rust-lang/crates.io-index)",
]

[metadata]
"checksum serde 1.0.8 (registry+https://github.com/rust-lang/crates.io-index)" = "c2f530d36fb84ec48fb7146936881f026cdbf4892028835fd9398475f82c1bb4"
"checksum toml 0.4.2 (registry+https://github.com/rust-lang/crates.io-index)" = "b0601da6c97135c8d330c7a13a013ca6cd4143221b01de2f8d4edc50a9e551c7"
